github.com/cespare/xxhash/v2 v2.3.0 h1:UL815xU9SqsFlibzuggzjXhog7bL6oX9BbNZnL2UFvs=
github.com/cespare/xxhash/v2 v2.3.0/go.mod h1:VGX0DQ3Q6kWi7AoAeZDth3/j3BFtOZR5XLFGgcrjCOs=
github.com/creachadair/atomicfile v0.3.5 h1:i93bxeaH/rQR6XfJslola3XkOM1nEP3eIexuk9SWcSc=
github.com/creachadair/atomicfile v0.3.5/go.mod h1:m7kIY2OUMygtETnMYe141rubsG4b+EusFLinlxxdHYM=
github.com/creachadair/mds v0.17.1 h1:lXQbTGKmb3nE3aK6OEp29L1gCx6B5ynzlQ6c1KOBurc=
github.com/creachadair/mds v0.17.1/go.mod h1:4b//mUiL8YldH6TImXjmW45myzTLNS1LLjOmrk888eg=
github.com/creachadair/msync v0.2.1 h1:nBrUkGnk+vhEO+fe6fEMcT6Reo/C9Oc4s62bL4Bj/Wo=
github.com/creachadair/msync v0.2.1/go.mod h1:fMAB2Ihnsojvz5nRxqzEEUmHgW2/CEKY64VPP4VskSY=
github.com/creachadair/taskgroup v0.9.1 h1:oam4POtt6PpmUr4us+ycUUfb2mPWc0RmIycte2oWoWw=
github.com/creachadair/taskgroup v0.9.1/go.mod h1:9oDDPt/5QPS4iylvPMC81GRlj+1je8AFDbjUh4zaQWo=
github.com/fortytw2/leaktest v1.3.0 h1:u8491cBMTQ8ft8aeV+adlcytMZylmA5nnwwkRZjI8vw=
github.com/fortytw2/leaktest v1.3.0/go.mod h1:jDsjWgpAGjm2CA7WthBh/CdZYEPF31XHquHwclZch5g=
github.com/golang/snappy v0.0.4 h1:yAGX7huGHXlcLOEtBnF4w7FQwA26wojNCwOYAEhLjQM=
github.com/golang/snappy v0.0.4/go.mod h1:/XxbfmMg8lxefKM7IXC3fBNl/7bRcc72aCRzEWrmP2Q=
github.com/google/go-cmp v0.6.0 h1:ofyhxvXcZhMsU5ulbFiLKl/XBFqE1GSq7atu8tAmTRI=
github.com/google/go-cmp v0.6.0/go.mod h1:17dUlkBOakJ0+DkrSSNjCkIjxS6bF9zb3elmeNGIjoY=
google.golang.org/protobuf v1.34.2 h1:6xV6lTsCfpGD21XK49h7MhtcApnLqkfYgPcdHftf6hg=
google.golang.org/protobuf v1.34.2/go.mod h1:qYOHts0dSfpeUzUFpOMr/WGzszTmLH+DiWniOlNbLDw=
